
Microsoft Visual Studio Solution File, Format Version 12.00
# Visual Studio Version 16
VisualStudioVersion = 16.0.32510.428
MinimumVisualStudioVersion = 10.0.40219.1
Project("{9A19103F-16F7-4668-BE54-9A1E7A4F7556}") = "PharmaApp", "PharmaApp\PharmaApp.csproj", "{12AF36F6-7672-442A-B6D7-BF95A6D20935}"
EndProject
Global
	GlobalSection(SolutionConfigurationPlatforms) = preSolution
		Debug|Any CPU = Debug|Any CPU
		Release|Any CPU = Release|Any CPU
	EndGlobalSection
	GlobalSection(ProjectConfigurationPlatforms) = postSolution
		{12AF36F6-7672-442A-B6D7-BF95A6D20935}.Debug|Any CPU.ActiveCfg = Debug|Any CPU
		{12AF36F6-7672-442A-B6D7-BF95A6D20935}.Debug|Any CPU.Build.0 = Debug|Any CPU
		{12AF36F6-7672-442A-B6D7-BF95A6D20935}.Release|Any CPU.ActiveCfg = Release|Any CPU
		{12AF36F6-7672-442A-B6D7-BF95A6D20935}.Release|Any CPU.Build.0 = Release|Any CPU
	EndGlobalSection
	GlobalSection(SolutionProperties) = preSolution
		HideSolutionNode = FALSE
	EndGlobalSection
	GlobalSection(ExtensibilityGlobals) = postSolution
		SolutionGuid = {EB1AA571-45DA-4E66-8A9E-326F4F60C343}
	EndGlobalSection
EndGlobal
